
Microsoft Visual Studio Solution File, Format Version 12.00
# Visual Studio Version 17
VisualStudioVersion = 17.0.31903.59
MinimumVisualStudioVersion = 10.0.40219.1
Project("{FAE04EC0-301F-11D3-BF4B-00C04F79EFBC}") = "SmoothOperator", "SmoothOperator\SmoothOperator.csproj", "{4DE702BC-78B5-4AAD-A17F-F6101E07F415}"
EndProject
Project("{FAE04EC0-301F-11D3-BF4B-00C04F79EFBC}") = "Exercicio02", "Exercicio02\Exercicio02.csproj", "{1A4F6F1C-7101-44DC-B597-ED2027D1F2B7}"
EndProject
Project("{FAE04EC0-301F-11D3-BF4B-00C04F79EFBC}") = "Exercicio03", "Exercicio03\Exercicio03.csproj", "{C47B33E6-EB1F-4FA2-98BA-57DE96FEAC4B}"
EndProject
Project("{FAE04EC0-301F-11D3-BF4B-00C04F79EFBC}") = "VariousOperators", "VariousOperators\VariousOperators.csproj", "{8740CD04-EAC8-48A8-B3DB-967EA5730329}"
EndProject
Project("{FAE04EC0-301F-11D3-BF4B-00C04F79EFBC}") = "Cilindro", "Cilindro\Cilindro.csproj", "{0AB212F2-241E-453F-BE7F-8FFF31D108A5}"
EndProject
Project("{FAE04EC0-301F-11D3-BF4B-00C04F79EFBC}") = "ValoresEspeciais", "ValoresEspeciais\ValoresEspeciais.csproj", "{9330E4E8-D331-4D11-9C6F-405BDD16862C}"
EndProject
Project("{FAE04EC0-301F-11D3-BF4B-00C04F79EFBC}") = "ChatGPTZero", "ChatGPTZero\ChatGPTZero.csproj", "{BFFED1FD-4B2B-4617-93C6-A4E1B3BC4280}"
EndProject
Project("{FAE04EC0-301F-11D3-BF4B-00C04F79EFBC}") = "BreakContinue", "BreakContinue\BreakContinue.csproj", "{99EFB84A-A4EE-45E5-B32D-F563870C0769}"
EndProject
Global
	GlobalSection(SolutionConfigurationPlatforms) = preSolution
		Debug|Any CPU = Debug|Any CPU
		Release|Any CPU = Release|Any CPU
	EndGlobalSection
	GlobalSection(SolutionProperties) = preSolution
		HideSolutionNode = FALSE
	EndGlobalSection
	GlobalSection(ProjectConfigurationPlatforms) = postSolution
		{4DE702BC-78B5-4AAD-A17F-F6101E07F415}.Debug|Any CPU.ActiveCfg = Debug|Any CPU
		{4DE702BC-78B5-4AAD-A17F-F6101E07F415}.Debug|Any CPU.Build.0 = Debug|Any CPU
		{4DE702BC-78B5-4AAD-A17F-F6101E07F415}.Release|Any CPU.ActiveCfg = Release|Any CPU
		{4DE702BC-78B5-4AAD-A17F-F6101E07F415}.Release|Any CPU.Build.0 = Release|Any CPU
		{1A4F6F1C-7101-44DC-B597-ED2027D1F2B7}.Debug|Any CPU.ActiveCfg = Debug|Any CPU
		{1A4F6F1C-7101-44DC-B597-ED2027D1F2B7}.Debug|Any CPU.Build.0 = Debug|Any CPU
		{1A4F6F1C-7101-44DC-B597-ED2027D1F2B7}.Release|Any CPU.ActiveCfg = Release|Any CPU
		{1A4F6F1C-7101-44DC-B597-ED2027D1F2B7}.Release|Any CPU.Build.0 = Release|Any CPU
		{C47B33E6-EB1F-4FA2-98BA-57DE96FEAC4B}.Debug|Any CPU.ActiveCfg = Debug|Any CPU
		{C47B33E6-EB1F-4FA2-98BA-57DE96FEAC4B}.Debug|Any CPU.Build.0 = Debug|Any CPU
		{C47B33E6-EB1F-4FA2-98BA-57DE96FEAC4B}.Release|Any CPU.ActiveCfg = Release|Any CPU
		{C47B33E6-EB1F-4FA2-98BA-57DE96FEAC4B}.Release|Any CPU.Build.0 = Release|Any CPU
		{8740CD04-EAC8-48A8-B3DB-967EA5730329}.Debug|Any CPU.ActiveCfg = Debug|Any CPU
		{8740CD04-EAC8-48A8-B3DB-967EA5730329}.Debug|Any CPU.Build.0 = Debug|Any CPU
		{8740CD04-EAC8-48A8-B3DB-967EA5730329}.Release|Any CPU.ActiveCfg = Release|Any CPU
		{8740CD04-EAC8-48A8-B3DB-967EA5730329}.Release|Any CPU.Build.0 = Release|Any CPU
		{0AB212F2-241E-453F-BE7F-8FFF31D108A5}.Debug|Any CPU.ActiveCfg = Debug|Any CPU
		{0AB212F2-241E-453F-BE7F-8FFF31D108A5}.Debug|Any CPU.Build.0 = Debug|Any CPU
		{0AB212F2-241E-453F-BE7F-8FFF31D108A5}.Release|Any CPU.ActiveCfg = Release|Any CPU
		{0AB212F2-241E-453F-BE7F-8FFF31D108A5}.Release|Any CPU.Build.0 = Release|Any CPU
		{9330E4E8-D331-4D11-9C6F-405BDD16862C}.Debug|Any CPU.ActiveCfg = Debug|Any CPU
		{9330E4E8-D331-4D11-9C6F-405BDD16862C}.Debug|Any CPU.Build.0 = Debug|Any CPU
		{9330E4E8-D331-4D11-9C6F-405BDD16862C}.Release|Any CPU.ActiveCfg = Release|Any CPU
		{9330E4E8-D331-4D11-9C6F-405BDD16862C}.Release|Any CPU.Build.0 = Release|Any CPU
		{BFFED1FD-4B2B-4617-93C6-A4E1B3BC4280}.Debug|Any CPU.ActiveCfg = Debug|Any CPU
		{BFFED1FD-4B2B-4617-93C6-A4E1B3BC4280}.Debug|Any CPU.Build.0 = Debug|Any CPU
		{BFFED1FD-4B2B-4617-93C6-A4E1B3BC4280}.Release|Any CPU.ActiveCfg = Release|Any CPU
		{BFFED1FD-4B2B-4617-93C6-A4E1B3BC4280}.Release|Any CPU.Build.0 = Release|Any CPU
		{99EFB84A-A4EE-45E5-B32D-F563870C0769}.Debug|Any CPU.ActiveCfg = Debug|Any CPU
		{99EFB84A-A4EE-45E5-B32D-F563870C0769}.Debug|Any CPU.Build.0 = Debug|Any CPU
		{99EFB84A-A4EE-45E5-B32D-F563870C0769}.Release|Any CPU.ActiveCfg = Release|Any CPU
		{99EFB84A-A4EE-45E5-B32D-F563870C0769}.Release|Any CPU.Build.0 = Release|Any CPU
	EndGlobalSection
EndGlobal
